
Microsoft Visual Studio Solution File, Format Version 12.00
# Visual Studio Version 16
VisualStudioVersion = 16.0.29709.97
MinimumVisualStudioVersion = 10.0.40219.1
Project("{FAE04EC0-301F-11D3-BF4B-00C04F79EFBC}") = "SocialNetwork", "SocialNetwork\SocialNetwork.csproj", "{12F2395A-A3C9-45F7-A09B-D21A1996E181}"
EndProject
Global
	GlobalSection(SolutionConfigurationPlatforms) = preSolution
		Debug|Any CPU = Debug|Any CPU
		Release|Any CPU = Release|Any CPU
	EndGlobalSection
	GlobalSection(ProjectConfigurationPlatforms) = postSolution
		{12F2395A-A3C9-45F7-A09B-D21A1996E181}.Debug|Any CPU.ActiveCfg = Debug|Any CPU
		{12F2395A-A3C9-45F7-A09B-D21A1996E181}.Debug|Any CPU.Build.0 = Debug|Any CPU
		{12F2395A-A3C9-45F7-A09B-D21A1996E181}.Release|Any CPU.ActiveCfg = Release|Any CPU
		{12F2395A-A3C9-45F7-A09B-D21A1996E181}.Release|Any CPU.Build.0 = Release|Any CPU
	EndGlobalSection
	GlobalSection(SolutionProperties) = preSolution
		HideSolutionNode = FALSE
	EndGlobalSection
	GlobalSection(ExtensibilityGlobals) = postSolution
		SolutionGuid = {30657D5F-AE71-427F-9D5D-D27B91D8B5B7}
	EndGlobalSection
EndGlobal
